
Microsoft Visual Studio Solution File, Format Version 11.00
# Visual Studio 2010
Project("{FAE04EC0-301F-11D3-BF4B-00C04F79EFBC}") = "temp(1130_MovieManager変更前)", "Assembly-CSharp.csproj", "{69035093-D93E-E5F5-52A9-211EB71ECD6E}"
EndProject
Project("{FAE04EC0-301F-11D3-BF4B-00C04F79EFBC}") = "temp(1130_MovieManager変更前)", "Assembly-CSharp-firstpass.csproj", "{9CE5FDA2-493B-5E16-0C34-9289E9FE9200}"
EndProject
Project("{FAE04EC0-301F-11D3-BF4B-00C04F79EFBC}") = "temp(1130_MovieManager変更前)", "Assembly-CSharp-Editor-firstpass.csproj", "{D09845D0-42CA-01D9-9FD7-DD0731072356}"
EndProject
Project("{FAE04EC0-301F-11D3-BF4B-00C04F79EFBC}") = "temp(1130_MovieManager変更前)", "Assembly-CSharp-Editor.csproj", "{5E220123-3DEE-8ADA-0B23-036E3331ADF6}"
EndProject
Global
	GlobalSection(SolutionConfigurationPlatforms) = preSolution
		Debug|Any CPU = Debug|Any CPU
		Release|Any CPU = Release|Any CPU
	EndGlobalSection
	GlobalSection(ProjectConfigurationPlatforms) = postSolution
		{69035093-D93E-E5F5-52A9-211EB71ECD6E}.Debug|Any CPU.ActiveCfg = Debug|Any CPU
		{69035093-D93E-E5F5-52A9-211EB71ECD6E}.Debug|Any CPU.Build.0 = Debug|Any CPU
		{69035093-D93E-E5F5-52A9-211EB71ECD6E}.Release|Any CPU.ActiveCfg = Release|Any CPU
		{69035093-D93E-E5F5-52A9-211EB71ECD6E}.Release|Any CPU.Build.0 = Release|Any CPU
		{9CE5FDA2-493B-5E16-0C34-9289E9FE9200}.Debug|Any CPU.ActiveCfg = Debug|Any CPU
		{9CE5FDA2-493B-5E16-0C34-9289E9FE9200}.Debug|Any CPU.Build.0 = Debug|Any CPU
		{9CE5FDA2-493B-5E16-0C34-9289E9FE9200}.Release|Any CPU.ActiveCfg = Release|Any CPU
		{9CE5FDA2-493B-5E16-0C34-9289E9FE9200}.Release|Any CPU.Build.0 = Release|Any CPU
		{D09845D0-42CA-01D9-9FD7-DD0731072356}.Debug|Any CPU.ActiveCfg = Debug|Any CPU
		{D09845D0-42CA-01D9-9FD7-DD0731072356}.Debug|Any CPU.Build.0 = Debug|Any CPU
		{D09845D0-42CA-01D9-9FD7-DD0731072356}.Release|Any CPU.ActiveCfg = Release|Any CPU
		{D09845D0-42CA-01D9-9FD7-DD0731072356}.Release|Any CPU.Build.0 = Release|Any CPU
		{5E220123-3DEE-8ADA-0B23-036E3331ADF6}.Debug|Any CPU.ActiveCfg = Debug|Any CPU
		{5E220123-3DEE-8ADA-0B23-036E3331ADF6}.Debug|Any CPU.Build.0 = Debug|Any CPU
		{5E220123-3DEE-8ADA-0B23-036E3331ADF6}.Release|Any CPU.ActiveCfg = Release|Any CPU
		{5E220123-3DEE-8ADA-0B23-036E3331ADF6}.Release|Any CPU.Build.0 = Release|Any CPU
	EndGlobalSection
	GlobalSection(SolutionProperties) = preSolution
		HideSolutionNode = FALSE
	EndGlobalSection
	GlobalSection(MonoDevelopProperties) = preSolution
		StartupItem = Assembly-CSharp.csproj
	EndGlobalSection
EndGlobal
